// !$*UTF8*$!
{
	archiveVersion = 1;
	classes = {
	};
	objectVersion = 50;
	objects = {

/* Begin PBXBuildFile section */
		B2494FC32316B426003B8534 /* AppDelegate.m in Sources */ = {isa = PBXBuildFile; fileRef = B2494FC22316B426003B8534 /* AppDelegate.m */; };
		B2494FC62316B426003B8534 /* ViewController.m in Sources */ = {isa = PBXBuildFile; fileRef = B2494FC52316B426003B8534 /* ViewController.m */; };
		B2494FC92316B426003B8534 /* Main.storyboard in Resources */ = {isa = PBXBuildFile; fileRef = B2494FC72316B426003B8534 /* Main.storyboard */; };
		B2494FCB2316B428003B8534 /* Assets.xcassets in Resources */ = {isa = PBXBuildFile; fileRef = B2494FCA2316B428003B8534 /* Assets.xcassets */; };
		B2494FCE2316B428003B8534 /* LaunchScreen.storyboard in Resources */ = {isa = PBXBuildFile; fileRef = B2494FCC2316B428003B8534 /* LaunchScreen.storyboard */; };
		B2494FD12316B428003B8534 /* main.m in Sources */ = {isa = PBXBuildFile; fileRef = B2494FD02316B428003B8534 /* main.m */; };
		B2494FDB2316B428003B8534 /* demoTests.m in Sources */ = {isa = PBXBuildFile; fileRef = B2494FDA2316B428003B8534 /* demoTests.m */; };
		B2494FE62316B428003B8534 /* demoUITests.m in Sources */ = {isa = PBXBuildFile; fileRef = B2494FE52316B428003B8534 /* demoUITests.m */; };
/* End PBXBuildFile section */

/* Begin PBXContainerItemProxy section */
		B2494FD72316B428003B8534 /* PBXContainerItemProxy */ = {
			isa = PBXContainerItemProxy;
			containerPortal = B2494FB62316B426003B8534 /* Project object */;
			proxyType = 1;
			remoteGlobalIDString = B2494FBD2316B426003B8534;
			remoteInfo = demo;
		};
		B2494FE22316B428003B8534 /* PBXContainerItemProxy */ = {
			isa = PBXContainerItemProxy;
			containerPortal = B2494FB62316B426003B8534 /* Project object */;
			proxyType = 1;
			remoteGlobalIDString = B2494FBD2316B426003B8534;
			remoteInfo = demo;
		};
/* End PBXContainerItemProxy section */

/* Begin PBXFileReference section */
		B2494FBE2316B426003B8534 /* demo.app */ = {isa = PBXFileReference; explicitFileType = wrapper.application; includeInIndex = 0; path = demo.app; sourceTree = BUILT_PRODUCTS_DIR; };
		B2494FC12316B426003B8534 /* AppDelegate.h */ = {isa = PBXFileReference; lastKnownFileType = sourcecode.c.h; path = AppDelegate.h; sourceTree = "<group>"; };
		B2494FC22316B426003B8534 /* AppDelegate.m */ = {isa = PBXFileReference; lastKnownFileType = sourcecode.c.objc; path = AppDelegate.m; sourceTree = "<group>"; };
		B2494FC42316B426003B8534 /* ViewController.h */ = {isa = PBXFileReference; lastKnownFileType = sourcecode.c.h; path = ViewController.h; sourceTree = "<group>"; };
		B2494FC52316B426003B8534 /* ViewController.m */ = {isa = PBXFileReference; lastKnownFileType = sourcecode.c.objc; path = ViewController.m; sourceTree = "<group>"; };
		B2494FC82316B426003B8534 /* Base */ = {isa = PBXFileReference; lastKnownFileType = file.storyboard; name = Base; path = Base.lproj/Main.storyboard; sourceTree = "<group>"; };
		B2494FCA2316B428003B8534 /* Assets.xcassets */ = {isa = PBXFileReference; lastKnownFileType = folder.assetcatalog; path = Assets.xcassets; sourceTree = "<group>"; };
		B2494FCD2316B428003B8534 /* Base */ = {isa = PBXFileReference; lastKnownFileType = file.storyboard; name = Base; path = Base.lproj/LaunchScreen.storyboard; sourceTree = "<group>"; };
		B2494FCF2316B428003B8534 /* Info.plist */ = {isa = PBXFileReference; lastKnownFileType = text.plist.xml; path = Info.plist; sourceTree = "<group>"; };
		B2494FD02316B428003B8534 /* main.m */ = {isa = PBXFileReference; lastKnownFileType = sourcecode.c.objc; path = main.m; sourceTree = "<group>"; };
		B2494FD62316B428003B8534 /* demoTests.xctest */ = {isa = PBXFileReference; explicitFileType = wrapper.cfbundle; includeInIndex = 0; path = demoTests.xctest; sourceTree = BUILT_PRODUCTS_DIR; };
		B2494FDA2316B428003B8534 /* demoTests.m */ = {isa = PBXFileReference; lastKnownFileType = sourcecode.c.objc; path = demoTests.m; sourceTree = "<group>"; };
		B2494FDC2316B428003B8534 /* Info.plist */ = {isa = PBXFileReference; lastKnownFileType = text.plist.xml; path = Info.plist; sourceTree = "<group>"; };
		B2494FE12316B428003B8534 /* demoUITests.xctest */ = {isa = PBXFileReference; explicitFileType = wrapper.cfbundle; includeInIndex = 0; path = demoUITests.xctest; sourceTree = BUILT_PRODUCTS_DIR; };
		B2494FE52316B428003B8534 /* demoUITests.m */ = {isa = PBXFileReference; lastKnownFileType = sourcecode.c.objc; path = demoUITests.m; sourceTree = "<group>"; };
		B2494FE72316B428003B8534 /* Info.plist */ = {isa = PBXFileReference; lastKnownFileType = text.plist.xml; path = Info.plist; sourceTree = "<group>"; };
/* End PBXFileReference section */

/* Begin PBXFrameworksBuildPhase section */
		B2494FBB2316B426003B8534 /* Frameworks */ = {
			isa = PBXFrameworksBuildPhase;
			buildActionMask = 2147483647;
			files = (
			);
			runOnlyForDeploymentPostprocessing = 0;
		};
		B2494FD32316B428003B8534 /* Frameworks */ = {
			isa = PBXFrameworksBuildPhase;
			buildActionMask = 2147483647;
			files = (
			);
			runOnlyForDeploymentPostprocessing = 0;
		};
		B2494FDE2316B428003B8534 /* Frameworks */ = {
			isa = PBXFrameworksBuildPhase;
			buildActionMask = 2147483647;
			files = (
			);
			runOnlyForDeploymentPostprocessing = 0;
		};
/* End PBXFrameworksBuildPhase section */

/* Begin PBXGroup section */
		B2494FB52316B426003B8534 = {
			isa = PBXGroup;
			children = (
				B2494FC02316B426003B8534 /* demo */,
				B2494FD92316B428003B8534 /* demoTests */,
				B2494FE42316B428003B8534 /* demoUITests */,
				B2494FBF2316B426003B8534 /* Products */,
			);
			sourceTree = "<group>";
		};
		B2494FBF2316B426003B8534 /* Products */ = {
			isa = PBXGroup;
			children = (
				B2494FBE2316B426003B8534 /* demo.app */,
				B2494FD62316B428003B8534 /* demoTests.xctest */,
				B2494FE12316B428003B8534 /* demoUITests.xctest */,
			);
			name = Products;
			sourceTree = "<group>";
		};
		B2494FC02316B426003B8534 /* demo */ = {
			isa = PBXGroup;
			children = (
				B2494FC12316B426003B8534 /* AppDelegate.h */,
				B2494FC22316B426003B8534 /* AppDelegate.m */,
				B2494FC42316B426003B8534 /* ViewController.h */,
				B2494FC52316B426003B8534 /* ViewController.m */,
				B2494FC72316B426003B8534 /* Main.storyboard */,
				B2494FCA2316B428003B8534 /* Assets.xcassets */,
				B2494FCC2316B428003B8534 /* LaunchScreen.storyboard */,
				B2494FCF2316B428003B8534 /* Info.plist */,
				B2494FD02316B428003B8534 /* main.m */,
			);
			path = demo;
			sourceTree = "<group>";
		};
		B2494FD92316B428003B8534 /* demoTests */ = {
			isa = PBXGroup;
			children = (
				B2494FDA2316B428003B8534 /* demoTests.m */,
				B2494FDC2316B428003B8534 /* Info.plist */,
			);
			path = demoTests;
			sourceTree = "<group>";
		};
		B2494FE42316B428003B8534 /* demoUITests */ = {
			isa = PBXGroup;
			children = (
				B2494FE52316B428003B8534 /* demoUITests.m */,
				B2494FE72316B428003B8534 /* Info.plist */,
			);
			path = demoUITests;
			sourceTree = "<group>";
		};
/* End PBXGroup section */

/* Begin PBXNativeTarget section */
		B2494FBD2316B426003B8534 /* demo */ = {
			isa = PBXNativeTarget;
			buildConfigurationList = B2494FEA2316B428003B8534 /* Build configuration list for PBXNativeTarget "demo" */;
			buildPhases = (
				B2494FBA2316B426003B8534 /* Sources */,
				B2494FBB2316B426003B8534 /* Frameworks */,
				B2494FBC2316B426003B8534 /* Resources */,
			);
			buildRules = (
			);
			dependencies = (
			);
			name = demo;
			productName = demo;
			productReference = B2494FBE2316B426003B8534 /* demo.app */;
			productType = "com.apple.product-type.application";
		};
		B2494FD52316B428003B8534 /* demoTests */ = {
			isa = PBXNativeTarget;
			buildConfigurationList = B2494FED2316B428003B8534 /* Build configuration list for PBXNativeTarget "demoTests" */;
			buildPhases = (
				B2494FD22316B428003B8534 /* Sources */,
				B2494FD32316B428003B8534 /* Frameworks */,
				B2494FD42316B428003B8534 /* Resources */,
			);
			buildRules = (
			);
			dependencies = (
				B2494FD82316B428003B8534 /* PBXTargetDependency */,
			);
			name = demoTests;
			productName = demoTests;
			productReference = B2494FD62316B428003B8534 /* demoTests.xctest */;
			productType = "com.apple.product-type.bundle.unit-test";
		};
		B2494FE02316B428003B8534 /* demoUITests */ = {
			isa = PBXNativeTarget;
			buildConfigurationList = B2494FF02316B428003B8534 /* Build configuration list for PBXNativeTarget "demoUITests" */;
			buildPhases = (
				B2494FDD2316B428003B8534 /* Sources */,
				B2494FDE2316B428003B8534 /* Frameworks */,
				B2494FDF2316B428003B8534 /* Resources */,
			);
			buildRules = (
			);
			dependencies = (
				B2494FE32316B428003B8534 /* PBXTargetDependency */,
			);
			name = demoUITests;
			productName = demoUITests;
			productReference = B2494FE12316B428003B8534 /* demoUITests.xctest */;
			productType = "com.apple.product-type.bundle.ui-testing";
		};
/* End PBXNativeTarget section */

/* Begin PBXProject section */
		B2494FB62316B426003B8534 /* Project object */ = {
			isa = PBXProject;
			attributes = {
				LastUpgradeCheck = 1030;
				ORGANIZATIONNAME = Felix;
				TargetAttributes = {
					B2494FBD2316B426003B8534 = {
						CreatedOnToolsVersion = 10.3;
					};
					B2494FD52316B428003B8534 = {
						CreatedOnToolsVersion = 10.3;
						TestTargetID = B2494FBD2316B426003B8534;
					};
					B2494FE02316B428003B8534 = {
						CreatedOnToolsVersion = 10.3;
						TestTargetID = B2494FBD2316B426003B8534;
					};
				};
			};
			buildConfigurationList = B2494FB92316B426003B8534 /* Build configuration list for PBXProject "demo" */;
			compatibilityVersion = "Xcode 9.3";
			developmentRegion = en;
			hasScannedForEncodings = 0;
			knownRegions = (
				en,
				Base,
			);
			mainGroup = B2494FB52316B426003B8534;
			productRefGroup = B2494FBF2316B426003B8534 /* Products */;
			projectDirPath = "";
			projectRoot = "";
			targets = (
				B2494FBD2316B426003B8534 /* demo */,
				B2494FD52316B428003B8534 /* demoTests */,
				B2494FE02316B428003B8534 /* demoUITests */,
			);
		};
/* End PBXProject section */

/* Begin PBXResourcesBuildPhase section */
		B2494FBC2316B426003B8534 /* Resources */ = {
			isa = PBXResourcesBuildPhase;
			buildActionMask = 2147483647;
			files = (
				B2494FCE2316B428003B8534 /* LaunchScreen.storyboard in Resources */,
				B2494FCB2316B428003B8534 /* Assets.xcassets in Resources */,
				B2494FC92316B426003B8534 /* Main.storyboard in Resources */,
			);
			runOnlyForDeploymentPostprocessing = 0;
		};
		B2494FD42316B428003B8534 /* Resources */ = {
			isa = PBXResourcesBuildPhase;
			buildActionMask = 2147483647;
			files = (
			);
			runOnlyForDeploymentPostprocessing = 0;
		};
		B2494FDF2316B428003B8534 /* Resources */ = {
			isa = PBXResourcesBuildPhase;
			buildActionMask = 2147483647;
			files = (
			);
			runOnlyForDeploymentPostprocessing = 0;
		};
/* End PBXResourcesBuildPhase section */

/* Begin PBXSourcesBuildPhase section */
		B2494FBA2316B426003B8534 /* Sources */ = {
			isa = PBXSourcesBuildPhase;
			buildActionMask = 2147483647;
			files = (
				B2494FC62316B426003B8534 /* ViewController.m in Sources */,
				B2494FD12316B428003B8534 /* main.m in Sources */,
				B2494FC32316B426003B8534 /* AppDelegate.m in Sources */,
			);
			runOnlyForDeploymentPostprocessing = 0;
		};
		B2494FD22316B428003B8534 /* Sources */ = {
			isa = PBXSourcesBuildPhase;
			buildActionMask = 2147483647;
			files = (
				B2494FDB2316B428003B8534 /* demoTests.m in Sources */,
			);
			runOnlyForDeploymentPostprocessing = 0;
		};
		B2494FDD2316B428003B8534 /* Sources */ = {
			isa = PBXSourcesBuildPhase;
			buildActionMask = 2147483647;
			files = (
				B2494FE62316B428003B8534 /* demoUITests.m in Sources */,
			);
			runOnlyForDeploymentPostprocessing = 0;
		};
/* End PBXSourcesBuildPhase section */

/* Begin PBXTargetDependency section */
		B2494FD82316B428003B8534 /* PBXTargetDependency */ = {
			isa = PBXTargetDependency;
			target = B2494FBD2316B426003B8534 /* demo */;
			targetProxy = B2494FD72316B428003B8534 /* PBXContainerItemProxy */;
		};
		B2494FE32316B428003B8534 /* PBXTargetDependency */ = {
			isa = PBXTargetDependency;
			target = B2494FBD2316B426003B8534 /* demo */;
			targetProxy = B2494FE22316B428003B8534 /* PBXContainerItemProxy */;
		};
/* End PBXTargetDependency section */

/* Begin PBXVariantGroup section */
		B2494FC72316B426003B8534 /* Main.storyboard */ = {
			isa = PBXVariantGroup;
			children = (
				B2494FC82316B426003B8534 /* Base */,
			);
			name = Main.storyboard;
			sourceTree = "<group>";
		};
		B2494FCC2316B428003B8534 /* LaunchScreen.storyboard */ = {
			isa = PBXVariantGroup;
			children = (
				B2494FCD2316B428003B8534 /* Base */,
			);
			name = LaunchScreen.storyboard;
			sourceTree = "<group>";
		};
/* End PBXVariantGroup section */

/* Begin XCBuildConfiguration section */
		B2494FE82316B428003B8534 /* Debug */ = {
			isa = XCBuildConfiguration;
			buildSettings = {
				ALWAYS_SEARCH_USER_PATHS = NO;
				CLANG_ANALYZER_NONNULL = YES;
				CLANG_ANALYZER_NUMBER_OBJECT_CONVERSION = YES_AGGRESSIVE;
				CLANG_CXX_LANGUAGE_STANDARD = "gnu++14";
				CLANG_CXX_LIBRARY = "libc++";
				CLANG_ENABLE_MODULES = YES;
				CLANG_ENABLE_OBJC_ARC = YES;
				CLANG_ENABLE_OBJC_WEAK = YES;
				CLANG_WARN_BLOCK_CAPTURE_AUTORELEASING = YES;
				CLANG_WARN_BOOL_CONVERSION = YES;
				CLANG_WARN_COMMA = YES;
				CLANG_WARN_CONSTANT_CONVERSION = YES;
				CLANG_WARN_DEPRECATED_OBJC_IMPLEMENTATIONS = YES;
				CLANG_WARN_DIRECT_OBJC_ISA_USAGE = YES_ERROR;
				CLANG_WARN_DOCUMENTATION_COMMENTS = YES;
				CLANG_WARN_EMPTY_BODY = YES;
				CLANG_WARN_ENUM_CONVERSION = YES;
				CLANG_WARN_INFINITE_RECURSION = YES;
				CLANG_WARN_INT_CONVERSION = YES;
				CLANG_WARN_NON_LITERAL_NULL_CONVERSION = YES;
				CLANG_WARN_OBJC_IMPLICIT_RETAIN_SELF = YES;
				CLANG_WARN_OBJC_LITERAL_CONVERSION = YES;
				CLANG_WARN_OBJC_ROOT_CLASS = YES_ERROR;
				CLANG_WARN_RANGE_LOOP_ANALYSIS = YES;
				CLANG_WARN_STRICT_PROTOTYPES = YES;
				CLANG_WARN_SUSPICIOUS_MOVE = YES;
				CLANG_WARN_UNGUARDED_AVAILABILITY = YES_AGGRESSIVE;
				CLANG_WARN_UNREACHABLE_CODE = YES;
				CLANG_WARN__DUPLICATE_METHOD_MATCH = YES;
				CODE_SIGN_IDENTITY = "iPhone Developer";
				COPY_PHASE_STRIP = NO;
				DEBUG_INFORMATION_FORMAT = dwarf;
				ENABLE_STRICT_OBJC_MSGSEND = YES;
				ENABLE_TESTABILITY = YES;
				GCC_C_LANGUAGE_STANDARD = gnu11;
				GCC_DYNAMIC_NO_PIC = NO;
				GCC_NO_COMMON_BLOCKS = YES;
				GCC_OPTIMIZATION_LEVEL = 0;
				GCC_PREPROCESSOR_DEFINITIONS = (
					"DEBUG=1",
					"$(inherited)",
				);
				GCC_WARN_64_TO_32_BIT_CONVERSION = YES;
				GCC_WARN_ABOUT_RETURN_TYPE = YES_ERROR;
				GCC_WARN_UNDECLARED_SELECTOR = YES;
				GCC_WARN_UNINITIALIZED_AUTOS = YES_AGGRESSIVE;
				GCC_WARN_UNUSED_FUNCTION = YES;
				GCC_WARN_UNUSED_VARIABLE = YES;
				IPHONEOS_DEPLOYMENT_TARGET = 12.4;
				MTL_ENABLE_DEBUG_INFO = INCLUDE_SOURCE;
				MTL_FAST_MATH = YES;
				ONLY_ACTIVE_ARCH = YES;
				SDKROOT = iphoneos;
			};
			name = Debug;
		};
		B2494FE92316B428003B8534 /* Release */ = {
			isa = XCBuildConfiguration;
			buildSettings = {
				ALWAYS_SEARCH_USER_PATHS = NO;
				CLANG_ANALYZER_NONNULL = YES;
				CLANG_ANALYZER_NUMBER_OBJECT_CONVERSION = YES_AGGRESSIVE;
				CLANG_CXX_LANGUAGE_STANDARD = "gnu++14";
				CLANG_CXX_LIBRARY = "libc++";
				CLANG_ENABLE_MODULES = YES;
				CLANG_ENABLE_OBJC_ARC = YES;
				CLANG_ENABLE_OBJC_WEAK = YES;
				CLANG_WARN_BLOCK_CAPTURE_AUTORELEASING = YES;
				CLANG_WARN_BOOL_CONVERSION = YES;
				CLANG_WARN_COMMA = YES;
				CLANG_WARN_CONSTANT_CONVERSION = YES;
				CLANG_WARN_DEPRECATED_OBJC_IMPLEMENTATIONS = YES;
				CLANG_WARN_DIRECT_OBJC_ISA_USAGE = YES_ERROR;
				CLANG_WARN_DOCUMENTATION_COMMENTS = YES;
				CLANG_WARN_EMPTY_BODY = YES;
				CLANG_WARN_ENUM_CONVERSION = YES;
				CLANG_WARN_INFINITE_RECURSION = YES;
				CLANG_WARN_INT_CONVERSION = YES;
				CLANG_WARN_NON_LITERAL_NULL_CONVERSION = YES;
				CLANG_WARN_OBJC_IMPLICIT_RETAIN_SELF = YES;
				CLANG_WARN_OBJC_LITERAL_CONVERSION = YES;
				CLANG_WARN_OBJC_ROOT_CLASS = YES_ERROR;
				CLANG_WARN_RANGE_LOOP_ANALYSIS = YES;
				CLANG_WARN_STRICT_PROTOTYPES = YES;
				CLANG_WARN_SUSPICIOUS_MOVE = YES;
				CLANG_WARN_UNGUARDED_AVAILABILITY = YES_AGGRESSIVE;
				CLANG_WARN_UNREACHABLE_CODE = YES;
				CLANG_WARN__DUPLICATE_METHOD_MATCH = YES;
				CODE_SIGN_IDENTITY = "iPhone Developer";
				COPY_PHASE_STRIP = NO;
				DEBUG_INFORMATION_FORMAT = "dwarf-with-dsym";
				ENABLE_NS_ASSERTIONS = NO;
				ENABLE_STRICT_OBJC_MSGSEND = YES;
				GCC_C_LANGUAGE_STANDARD = gnu11;
				GCC_NO_COMMON_BLOCKS = YES;
				GCC_WARN_64_TO_32_BIT_CONVERSION = YES;
				GCC_WARN_ABOUT_RETURN_TYPE = YES_ERROR;
				GCC_WARN_UNDECLARED_SELECTOR = YES;
				GCC_WARN_UNINITIALIZED_AUTOS = YES_AGGRESSIVE;
				GCC_WARN_UNUSED_FUNCTION = YES;
				GCC_WARN_UNUSED_VARIABLE = YES;
				IPHONEOS_DEPLOYMENT_TARGET = 12.4;
				MTL_ENABLE_DEBUG_INFO = NO;
				MTL_FAST_MATH = YES;
				SDKROOT = iphoneos;
				VALIDATE_PRODUCT = YES;
			};
			name = Release;
		};
		B2494FEB2316B428003B8534 /* Debug */ = {
			isa = XCBuildConfiguration;
			buildSettings = {
				ASSETCATALOG_COMPILER_APPICON_NAME = AppIcon;
				CODE_SIGN_STYLE = Automatic;
				INFOPLIST_FILE = demo/Info.plist;
				LD_RUNPATH_SEARCH_PATHS = (
					"$(inherited)",
					"@executable_path/Frameworks",
				);
				PRODUCT_BUNDLE_IDENTIFIER = Felix.demo;
				PRODUCT_NAME = "$(TARGET_NAME)";
				TARGETED_DEVICE_FAMILY = "1,2";
			};
			name = Debug;
		};
		B2494FEC2316B428003B8534 /* Release */ = {
			isa = XCBuildConfiguration;
			buildSettings = {
				ASSETCATALOG_COMPILER_APPICON_NAME = AppIcon;
				CODE_SIGN_STYLE = Automatic;
				INFOPLIST_FILE = demo/Info.plist;
				LD_RUNPATH_SEARCH_PATHS = (
					"$(inherited)",
					"@executable_path/Frameworks",
				);
				PRODUCT_BUNDLE_IDENTIFIER = Felix.demo;
				PRODUCT_NAME = "$(TARGET_NAME)";
				TARGETED_DEVICE_FAMILY = "1,2";
			};
			name = Release;
		};
		B2494FEE2316B428003B8534 /* Debug */ = {
			isa = XCBuildConfiguration;
			buildSettings = {
				BUNDLE_LOADER = "$(TEST_HOST)";
				CODE_SIGN_STYLE = Automatic;
				INFOPLIST_FILE = demoTests/Info.plist;
				LD_RUNPATH_SEARCH_PATHS = (
					"$(inherited)",
					"@executable_path/Frameworks",
					"@loader_path/Frameworks",
				);
				PRODUCT_BUNDLE_IDENTIFIER = Felix.demoTests;
				PRODUCT_NAME = "$(TARGET_NAME)";
				TARGETED_DEVICE_FAMILY = "1,2";
				TEST_HOST = "$(BUILT_PRODUCTS_DIR)/demo.app/demo";
			};
			name = Debug;
		};
		B2494FEF2316B428003B8534 /* Release */ = {
			isa = XCBuildConfiguration;
			buildSettings = {
				BUNDLE_LOADER = "$(TEST_HOST)";
				CODE_SIGN_STYLE = Automatic;
				INFOPLIST_FILE = demoTests/Info.plist;
				LD_RUNPATH_SEARCH_PATHS = (
					"$(inherited)",
					"@executable_path/Frameworks",
					"@loader_path/Frameworks",
				);
				PRODUCT_BUNDLE_IDENTIFIER = Felix.demoTests;
				PRODUCT_NAME = "$(TARGET_NAME)";
				TARGETED_DEVICE_FAMILY = "1,2";
				TEST_HOST = "$(BUILT_PRODUCTS_DIR)/demo.app/demo";
			};
			name = Release;
		};
		B2494FF12316B428003B8534 /* Debug */ = {
			isa = XCBuildConfiguration;
			buildSettings = {
				CODE_SIGN_STYLE = Automatic;
				INFOPLIST_FILE = demoUITests/Info.plist;
				LD_RUNPATH_SEARCH_PATHS = (
					"$(inherited)",
					"@executable_path/Frameworks",
					"@loader_path/Frameworks",
				);
				PRODUCT_BUNDLE_IDENTIFIER = Felix.demoUITests;
				PRODUCT_NAME = "$(TARGET_NAME)";
				TARGETED_DEVICE_FAMILY = "1,2";
				TEST_TARGET_NAME = demo;
			};
			name = Debug;
		};
		B2494FF22316B428003B8534 /* Release */ = {
			isa = XCBuildConfiguration;
			buildSettings = {
				CODE_SIGN_STYLE = Automatic;
				INFOPLIST_FILE = demoUITests/Info.plist;
				LD_RUNPATH_SEARCH_PATHS = (
					"$(inherited)",
					"@executable_path/Frameworks",
					"@loader_path/Frameworks",
				);
				PRODUCT_BUNDLE_IDENTIFIER = Felix.demoUITests;
				PRODUCT_NAME = "$(TARGET_NAME)";
				TARGETED_DEVICE_FAMILY = "1,2";
				TEST_TARGET_NAME = demo;
			};
			name = Release;
		};
/* End XCBuildConfiguration section */

/* Begin XCConfigurationList section */
		B2494FB92316B426003B8534 /* Build configuration list for PBXProject "demo" */ = {
			isa = XCConfigurationList;
			buildConfigurations = (
				B2494FE82316B428003B8534 /* Debug */,
				B2494FE92316B428003B8534 /* Release */,
			);
			defaultConfigurationIsVisible = 0;
			defaultConfigurationName = Release;
		};
		B2494FEA2316B428003B8534 /* Build configuration list for PBXNativeTarget "demo" */ = {
			isa = XCConfigurationList;
			buildConfigurations = (
				B2494FEB2316B428003B8534 /* Debug */,
				B2494FEC2316B428003B8534 /* Release */,
			);
			defaultConfigurationIsVisible = 0;
			defaultConfigurationName = Release;
		};
		B2494FED2316B428003B8534 /* Build configuration list for PBXNativeTarget "demoTests" */ = {
			isa = XCConfigurationList;
			buildConfigurations = (
				B2494FEE2316B428003B8534 /* Debug */,
				B2494FEF2316B428003B8534 /* Release */,
			);
			defaultConfigurationIsVisible = 0;
			defaultConfigurationName = Release;
		};
		B2494FF02316B428003B8534 /* Build configuration list for PBXNativeTarget "demoUITests" */ = {
			isa = XCConfigurationList;
			buildConfigurations = (
				B2494FF12316B428003B8534 /* Debug */,
				B2494FF22316B428003B8534 /* Release */,
			);
			defaultConfigurationIsVisible = 0;
			defaultConfigurationName = Release;
		};
/* End XCConfigurationList section */
	};
	rootObject = B2494FB62316B426003B8534 /* Project object */;
}
